version = 1
revision = 3
requires-python = ">=3.14"

[[package]]
name = "api"
version = "0.1.0"
source = { virtual = "." }
dependencies = [
    { name = "componentize-py" },
    { name = "pypng" },
    { name = "qrcode" },
    { name = "spin-sdk" },
]

[package.metadata]
requires-dist = [
    { name = "componentize-py", specifier = "==0.23.0" },
    { name = "pypng", specifier = ">=0.20220715.0" },
    { name = "qrcode", specifier = ">=8.2" },
    { name = "spin-sdk", specifier = "==4.0.0" },
]

[[package]]
name = "colorama"
version = "0.4.6"
source = { registry = "https://pypi.org/simple" }
sdist = { url = "https://files.pythonhosted.org/packages/d8/53/6f443c9a4a8358a93a6792e2acffb9d9d5cb0a5cfd8802644b7b1c9a02e4/colorama-0.4.6.tar.gz", hash = "sha256:08695f5cb7ed6e0531a20572697297273c47b8cae5a63ffc6d6ed5c201be6e44", size = 27697, upload-time = "2022-10-25T02:36:22.414Z" }
wheels = [
    { url = "https://files.pythonhosted.org/packages/d1/d6/3965ed04c63042e047cb6a3e6ed1a63a35087b6a609aa3a15ed8ac56c221/colorama-0.4.6-py2.py3-none-any.whl", hash = "sha256:4f1d9991f5acc0ca119f9d443620b77f9d6b33703e51011c16baf57afb285fc6", size = 25335, upload-time = "2022-10-25T02:36:20.889Z" },
]

[[package]]
name = "componentize-py"
version = "0.23.0"
source = { registry = "https://pypi.org/simple" }
sdist = { url = "https://files.pythonhosted.org/packages/ac/d6/862d195136a671671ed06363ffcb45dc38682b3b5bb4a8eaa9500464de84/componentize_py-0.23.0.tar.gz", hash = "sha256:8d5ea3dbdf6642aca4a9329be30861189c1066e1651d2ab73bb3b0f1d9871407", size = 203590, upload-time = "2026-04-15T17:25:48.104Z" }
wheels = [
    { url = "https://files.pythonhosted.org/packages/e2/a9/f5a3975d05cec7f3a95a6e931d73204aa3592280113effd7a0ac1f741864/componentize_py-0.23.0-cp39-abi3-macosx_10_12_x86_64.whl", hash = "sha256:bcd956598441713d1920396af9896ab19753bcb568299ff2db85f43bb65286ed", size = 16108001, upload-time = "2026-04-15T17:25:14.424Z" },
    { url = "https://files.pythonhosted.org/packages/75/9f/e4b08061e9f0c0abe61806b28f99ac094e2a19bdf312108c9b38be499d74/componentize_py-0.23.0-cp39-abi3-macosx_11_0_arm64.whl", hash = "sha256:d4b9b52e548f962c9ba36f15ce9793689bd29beb18a52b3480d317fc773e4506", size = 15269777, upload-time = "2026-04-15T17:25:21.826Z" },
    { url = "https://files.pythonhosted.org/packages/f8/df/b8161bcc0b4158a7cc75d558bd9b16b67bbd27ae7511ef2d06db4bea88c3/componentize_py-0.23.0-cp39-abi3-manylinux_2_28_aarch64.whl", hash = "sha256:939acedff58eba1f4864ebe9327c742e5cf52bf6e08eddfb699e82761c5ede9f", size = 16237698, upload-time = "2026-04-15T17:25:29.46Z" },
    { url = "https://files.pythonhosted.org/packages/77/8d/426f07b84efed1b98076b4193f8d29e1a5e76a2f63fbc8770b2a6f3b589a/componentize_py-0.23.0-cp39-abi3-manylinux_2_28_x86_64.whl", hash = "sha256:99eaa2cc8b5d737d2b23237618332a21838f892eec7f0359b44c464659a15ecc", size = 16808229, upload-time = "2026-04-15T17:25:37.562Z" },
    { url = "https://files.pythonhosted.org/packages/bc/9c/1c725d88d33fdc99c008fde287098b037f71c18197d54477e4ed0db101b2/componentize_py-0.23.0-cp39-abi3-win_amd64.whl", hash = "sha256:1d65d73c97ea751d2dc958fba085c501e68a7c68cf4611df910b99e18fb2057e", size = 14884887, upload-time = "2026-04-15T17:25:44.983Z" },
]

[[package]]
name = "pypng"
version = "0.20220715.0"
source = { registry = "https://pypi.org/simple" }
sdist = { url = "https://files.pythonhosted.org/packages/93/cd/112f092ec27cca83e0516de0a3368dbd9128c187fb6b52aaaa7cde39c96d/pypng-0.20220715.0.tar.gz", hash = "sha256:739c433ba96f078315de54c0db975aee537cbc3e1d0ae4ed9aab0ca1e427e2c1", size = 128992, upload-time = "2022-07-15T14:11:05.301Z" }
wheels = [
    { url = "https://files.pythonhosted.org/packages/3e/b9/3766cc361d93edb2ce81e2e1f87dd98f314d7d513877a342d31b30741680/pypng-0.20220715.0-py3-none-any.whl", hash = "sha256:4a43e969b8f5aaafb2a415536c1a8ec7e341cd6a3f957fd5b5f32a4cfeed902c", size = 58057, upload-time = "2022-07-15T14:11:03.713Z" },
]

[[package]]
name = "qrcode"
version = "8.2"
source = { registry = "https://pypi.org/simple" }
dependencies = [
    { name = "colorama", marker = "sys_platform == 'win32'" },
]
sdist = { url = "https://files.pythonhosted.org/packages/8f/b2/7fc2931bfae0af02d5f53b174e9cf701adbb35f39d69c2af63d4a39f81a9/qrcode-8.2.tar.gz", hash = "sha256:35c3f2a4172b33136ab9f6b3ef1c00260dd2f66f858f24d88418a015f446506c", size = 43317, upload-time = "2025-05-01T15:44:24.726Z" }
wheels = [
    { url = "https://files.pythonhosted.org/packages/dd/b8/d2d6d731733f51684bbf76bf34dab3b70a9148e8f2cef2bb544fccec681a/qrcode-8.2-py3-none-any.whl", hash = "sha256:16e64e0716c14960108e85d853062c9e8bba5ca8252c0b4d0231b9df4060ff4f", size = 45986, upload-time = "2025-05-01T15:44:22.781Z" },
]

[[package]]
name = "spin-sdk"
version = "4.0.0"
source = { registry = "https://pypi.org/simple" }
sdist = { url = "https://files.pythonhosted.org/packages/d2/41/eb9f9f4243a363363c7b9d3db42646d474a46286b39444acb010f3275e16/spin_sdk-4.0.0.tar.gz", hash = "sha256:0e7077417d4951dbc170ba44c5e89fb3c829b6cb239fc712cf64f39687589756", size = 238531, upload-time = "2026-04-23T19:51:40.336Z" }
wheels = [
    { url = "https://files.pythonhosted.org/packages/51/87/caf30c3310d644ff32b27b0aa1b27ec6d4665e7d507e2c9489be3a15b079/spin_sdk-4.0.0-py3-none-any.whl", hash = "sha256:4a9e97f08eb07eeef1d5fdf45c7cecd744d97ee1c241a5891e8d1e26bf2d8780", size = 483407, upload-time = "2026-04-23T19:51:38.605Z" },
]
